
Microsoft Visual Studio Solution File, Format Version 12.00
# Visual Studio Version 16
VisualStudioVersion = 16.0.30717.126
MinimumVisualStudioVersion = 10.0.40219.1
Project("{9A19103F-16F7-4668-BE54-9A1E7A4F7556}") = "Task 1", "ThreadSync\Task 1.csproj", "{028449DA-8236-45C8-A044-7048302CDFF2}"
EndProject
Project("{FAE04EC0-301F-11D3-BF4B-00C04F79EFBC}") = "Task 2", "Task 2\Task 2.csproj", "{22EB69D0-228A-4821-B59D-345FB06E8070}"
EndProject
Project("{FAE04EC0-301F-11D3-BF4B-00C04F79EFBC}") = "Task 3", "Task 3\Task 3.csproj", "{A3108FBD-444E-4DAD-AEE0-6558FA68A366}"
EndProject
Global
	GlobalSection(SolutionConfigurationPlatforms) = preSolution
		Debug|Any CPU = Debug|Any CPU
		Release|Any CPU = Release|Any CPU
	EndGlobalSection
	GlobalSection(ProjectConfigurationPlatforms) = postSolution
		{028449DA-8236-45C8-A044-7048302CDFF2}.Debug|Any CPU.ActiveCfg = Debug|Any CPU
		{028449DA-8236-45C8-A044-7048302CDFF2}.Debug|Any CPU.Build.0 = Debug|Any CPU
		{028449DA-8236-45C8-A044-7048302CDFF2}.Release|Any CPU.ActiveCfg = Release|Any CPU
		{028449DA-8236-45C8-A044-7048302CDFF2}.Release|Any CPU.Build.0 = Release|Any CPU
		{22EB69D0-228A-4821-B59D-345FB06E8070}.Debug|Any CPU.ActiveCfg = Debug|Any CPU
		{22EB69D0-228A-4821-B59D-345FB06E8070}.Debug|Any CPU.Build.0 = Debug|Any CPU
		{22EB69D0-228A-4821-B59D-345FB06E8070}.Release|Any CPU.ActiveCfg = Release|Any CPU
		{22EB69D0-228A-4821-B59D-345FB06E8070}.Release|Any CPU.Build.0 = Release|Any CPU
		{A3108FBD-444E-4DAD-AEE0-6558FA68A366}.Debug|Any CPU.ActiveCfg = Debug|Any CPU
		{A3108FBD-444E-4DAD-AEE0-6558FA68A366}.Debug|Any CPU.Build.0 = Debug|Any CPU
		{A3108FBD-444E-4DAD-AEE0-6558FA68A366}.Release|Any CPU.ActiveCfg = Release|Any CPU
		{A3108FBD-444E-4DAD-AEE0-6558FA68A366}.Release|Any CPU.Build.0 = Release|Any CPU
	EndGlobalSection
	GlobalSection(SolutionProperties) = preSolution
		HideSolutionNode = FALSE
	EndGlobalSection
	GlobalSection(ExtensibilityGlobals) = postSolution
		SolutionGuid = {664AAE93-70B6-4C17-A7FC-CC46A04EF4FB}
	EndGlobalSection
EndGlobal
